{
  "name": "jsnpm",
  "version": "1.0.0",
  "lockfileVersion": 2,
  "requires": true,
  "packages": {
    "": {
      "name": "jsnpm",
      "version": "1.0.0",
      "license": "MIT",
      "dependencies": {
        "moment": "^2.29.3"
      },
      "devDependencies": {
        "data-fns": "^0.1.8"
      }
    },
    "node_modules/data-fns": {
      "version": "0.1.8",
      "resolved": "https://registry.npmjs.org/data-fns/-/data-fns-0.1.8.tgz",
      "integrity": "sha512-3aC+mM92aUWsTx3lYD9el6RUZqaQceQeUw16de/cb9gyjp/CJ3yekYtsxQOYQoPAM2+kgfp1Km6zkzh5Q4+EYA==",
      "dev": true,
      "dependencies": {
        "unit-fns": "^0.1.6"
      },
      "engines": {
        "node": ">=10"
      }
    },
    "node_modules/moment": {
      "version": "2.29.3",
      "resolved": "https://registry.npmjs.org/moment/-/moment-2.29.3.tgz",
      "integrity": "sha512-c6YRvhEo//6T2Jz/vVtYzqBzwvPT95JBQ+smCytzf7c50oMZRsR/a4w88aD34I+/QVSfnoAnSBFPJHItlOMJVw==",
      "engines": {
        "node": "*"
      }
    },
    "node_modules/unit-fns": {
      "version": "0.1.9",
      "resolved": "https://registry.npmjs.org/unit-fns/-/unit-fns-0.1.9.tgz",
      "integrity": "sha512-bxceIkc7n2icQmgQx8u3vX98ZBIcpL2YJDKIsWDFK7ZX1TTuLvtNWVNd9/oARCDHd7QQRzwc+zxabO0HSK8X0w==",
      "dev": true,
      "engines": {
        "node": ">=10"
      }
    }
  },
  "dependencies": {
    "data-fns": {
      "version": "0.1.8",
      "resolved": "https://registry.npmjs.org/data-fns/-/data-fns-0.1.8.tgz",
      "integrity": "sha512-3aC+mM92aUWsTx3lYD9el6RUZqaQceQeUw16de/cb9gyjp/CJ3yekYtsxQOYQoPAM2+kgfp1Km6zkzh5Q4+EYA==",
      "dev": true,
      "requires": {
        "unit-fns": "^0.1.6"
      }
    },
    "moment": {
      "version": "2.29.3",
      "resolved": "https://registry.npmjs.org/moment/-/moment-2.29.3.tgz",
      "integrity": "sha512-c6YRvhEo//6T2Jz/vVtYzqBzwvPT95JBQ+smCytzf7c50oMZRsR/a4w88aD34I+/QVSfnoAnSBFPJHItlOMJVw=="
    },
    "unit-fns": {
      "version": "0.1.9",
      "resolved": "https://registry.npmjs.org/unit-fns/-/unit-fns-0.1.9.tgz",
      "integrity": "sha512-bxceIkc7n2icQmgQx8u3vX98ZBIcpL2YJDKIsWDFK7ZX1TTuLvtNWVNd9/oARCDHd7QQRzwc+zxabO0HSK8X0w==",
      "dev": true
    }
  }
}
